// !$*UTF8*$!
{
	archiveVersion = 1;
	classes = {
	};
	objectVersion = 56;
	objects = {

/* Begin PBXBuildFile section */
		342CE2492BE0908000DB750E /* SkillHubApp.swift in Sources */ = {isa = PBXBuildFile; fileRef = 342CE2482BE0908000DB750E /* SkillHubApp.swift */; };
		342CE24B2BE0908000DB750E /* ContentView.swift in Sources */ = {isa = PBXBuildFile; fileRef = 342CE24A2BE0908000DB750E /* ContentView.swift */; };
		342CE24D2BE0908200DB750E /* Assets.xcassets in Resources */ = {isa = PBXBuildFile; fileRef = 342CE24C2BE0908200DB750E /* Assets.xcassets */; };
		342CE2512BE0908200DB750E /* Preview Assets.xcassets in Resources */ = {isa = PBXBuildFile; fileRef = 342CE2502BE0908200DB750E /* Preview Assets.xcassets */; };
		342CE25B2BE0908200DB750E /* SkillHubTests.swift in Sources */ = {isa = PBXBuildFile; fileRef = 342CE25A2BE0908200DB750E /* SkillHubTests.swift */; };
		342CE2652BE0908200DB750E /* SkillHubUITests.swift in Sources */ = {isa = PBXBuildFile; fileRef = 342CE2642BE0908200DB750E /* SkillHubUITests.swift */; };
		342CE2672BE0908200DB750E /* SkillHubUITestsLaunchTests.swift in Sources */ = {isa = PBXBuildFile; fileRef = 342CE2662BE0908200DB750E /* SkillHubUITestsLaunchTests.swift */; };
		342CE2762BE093E400DB750E /* Skill.swift in Sources */ = {isa = PBXBuildFile; fileRef = 342CE2752BE093E400DB750E /* Skill.swift */; };
		342CE2792BE0947A00DB750E /* UIColor+Extension.swift in Sources */ = {isa = PBXBuildFile; fileRef = 342CE2782BE0947A00DB750E /* UIColor+Extension.swift */; };
/* End PBXBuildFile section */

/* Begin PBXContainerItemProxy section */
		342CE2572BE0908200DB750E /* PBXContainerItemProxy */ = {
			isa = PBXContainerItemProxy;
			containerPortal = 342CE23D2BE0908000DB750E /* Project object */;
			proxyType = 1;
			remoteGlobalIDString = 342CE2442BE0908000DB750E;
			remoteInfo = SkillHub;
		};
		342CE2612BE0908200DB750E /* PBXContainerItemProxy */ = {
			isa = PBXContainerItemProxy;
			containerPortal = 342CE23D2BE0908000DB750E /* Project object */;
			proxyType = 1;
			remoteGlobalIDString = 342CE2442BE0908000DB750E;
			remoteInfo = SkillHub;
		};
/* End PBXContainerItemProxy section */

/* Begin PBXFileReference section */
		342CE2452BE0908000DB750E /* SkillHub.app */ = {isa = PBXFileReference; explicitFileType = wrapper.application; includeInIndex = 0; path = SkillHub.app; sourceTree = BUILT_PRODUCTS_DIR; };
		342CE2482BE0908000DB750E /* SkillHubApp.swift */ = {isa = PBXFileReference; lastKnownFileType = sourcecode.swift; path = SkillHubApp.swift; sourceTree = "<group>"; };
		342CE24A2BE0908000DB750E /* ContentView.swift */ = {isa = PBXFileReference; lastKnownFileType = sourcecode.swift; path = ContentView.swift; sourceTree = "<group>"; };
		342CE24C2BE0908200DB750E /* Assets.xcassets */ = {isa = PBXFileReference; lastKnownFileType = folder.assetcatalog; path = Assets.xcassets; sourceTree = "<group>"; };
		342CE24E2BE0908200DB750E /* SkillHub.entitlements */ = {isa = PBXFileReference; lastKnownFileType = text.plist.entitlements; path = SkillHub.entitlements; sourceTree = "<group>"; };
		342CE2502BE0908200DB750E /* Preview Assets.xcassets */ = {isa = PBXFileReference; lastKnownFileType = folder.assetcatalog; path = "Preview Assets.xcassets"; sourceTree = "<group>"; };
		342CE2562BE0908200DB750E /* SkillHubTests.xctest */ = {isa = PBXFileReference; explicitFileType = wrapper.cfbundle; includeInIndex = 0; path = SkillHubTests.xctest; sourceTree = BUILT_PRODUCTS_DIR; };
		342CE25A2BE0908200DB750E /* SkillHubTests.swift */ = {isa = PBXFileReference; lastKnownFileType = sourcecode.swift; path = SkillHubTests.swift; sourceTree = "<group>"; };
		342CE2602BE0908200DB750E /* SkillHubUITests.xctest */ = {isa = PBXFileReference; explicitFileType = wrapper.cfbundle; includeInIndex = 0; path = SkillHubUITests.xctest; sourceTree = BUILT_PRODUCTS_DIR; };
		342CE2642BE0908200DB750E /* SkillHubUITests.swift */ = {isa = PBXFileReference; lastKnownFileType = sourcecode.swift; path = SkillHubUITests.swift; sourceTree = "<group>"; };
		342CE2662BE0908200DB750E /* SkillHubUITestsLaunchTests.swift */ = {isa = PBXFileReference; lastKnownFileType = sourcecode.swift; path = SkillHubUITestsLaunchTests.swift; sourceTree = "<group>"; };
		342CE2752BE093E400DB750E /* Skill.swift */ = {isa = PBXFileReference; lastKnownFileType = sourcecode.swift; path = Skill.swift; sourceTree = "<group>"; };
		342CE2782BE0947A00DB750E /* UIColor+Extension.swift */ = {isa = PBXFileReference; lastKnownFileType = sourcecode.swift; path = "UIColor+Extension.swift"; sourceTree = "<group>"; };
/* End PBXFileReference section */

/* Begin PBXFrameworksBuildPhase section */
		342CE2422BE0908000DB750E /* Frameworks */ = {
			isa = PBXFrameworksBuildPhase;
			buildActionMask = 2147483647;
			files = (
			);
			runOnlyForDeploymentPostprocessing = 0;
		};
		342CE2532BE0908200DB750E /* Frameworks */ = {
			isa = PBXFrameworksBuildPhase;
			buildActionMask = 2147483647;
			files = (
			);
			runOnlyForDeploymentPostprocessing = 0;
		};
		342CE25D2BE0908200DB750E /* Frameworks */ = {
			isa = PBXFrameworksBuildPhase;
			buildActionMask = 2147483647;
			files = (
			);
			runOnlyForDeploymentPostprocessing = 0;
		};
/* End PBXFrameworksBuildPhase section */

/* Begin PBXGroup section */
		342CE23C2BE0908000DB750E = {
			isa = PBXGroup;
			children = (
				342CE2472BE0908000DB750E /* SkillHub */,
				342CE2592BE0908200DB750E /* SkillHubTests */,
				342CE2632BE0908200DB750E /* SkillHubUITests */,
				342CE2462BE0908000DB750E /* Products */,
			);
			sourceTree = "<group>";
		};
		342CE2462BE0908000DB750E /* Products */ = {
			isa = PBXGroup;
			children = (
				342CE2452BE0908000DB750E /* SkillHub.app */,
				342CE2562BE0908200DB750E /* SkillHubTests.xctest */,
				342CE2602BE0908200DB750E /* SkillHubUITests.xctest */,
			);
			name = Products;
			sourceTree = "<group>";
		};
		342CE2472BE0908000DB750E /* SkillHub */ = {
			isa = PBXGroup;
			children = (
				342CE2742BE0937700DB750E /* Models */,
				342CE2772BE0943800DB750E /* Extensions */,
				342CE24A2BE0908000DB750E /* ContentView.swift */,
				342CE27A2BE094DD00DB750E /* Controllers */,
				342CE2482BE0908000DB750E /* SkillHubApp.swift */,
				342CE24C2BE0908200DB750E /* Assets.xcassets */,
				342CE24E2BE0908200DB750E /* SkillHub.entitlements */,
				342CE24F2BE0908200DB750E /* Preview Content */,
			);
			path = SkillHub;
			sourceTree = "<group>";
		};
		342CE24F2BE0908200DB750E /* Preview Content */ = {
			isa = PBXGroup;
			children = (
				342CE2502BE0908200DB750E /* Preview Assets.xcassets */,
			);
			path = "Preview Content";
			sourceTree = "<group>";
		};
		342CE2592BE0908200DB750E /* SkillHubTests */ = {
			isa = PBXGroup;
			children = (
				342CE25A2BE0908200DB750E /* SkillHubTests.swift */,
			);
			path = SkillHubTests;
			sourceTree = "<group>";
		};
		342CE2632BE0908200DB750E /* SkillHubUITests */ = {
			isa = PBXGroup;
			children = (
				342CE2642BE0908200DB750E /* SkillHubUITests.swift */,
				342CE2662BE0908200DB750E /* SkillHubUITestsLaunchTests.swift */,
			);
			path = SkillHubUITests;
			sourceTree = "<group>";
		};
		342CE2742BE0937700DB750E /* Models */ = {
			isa = PBXGroup;
			children = (
				342CE2752BE093E400DB750E /* Skill.swift */,
			);
			path = Models;
			sourceTree = "<group>";
		};
		342CE2772BE0943800DB750E /* Extensions */ = {
			isa = PBXGroup;
			children = (
				342CE2782BE0947A00DB750E /* UIColor+Extension.swift */,
			);
			path = Extensions;
			sourceTree = "<group>";
		};
		342CE27A2BE094DD00DB750E /* Controllers */ = {
			isa = PBXGroup;
			children = (
			);
			path = Controllers;
			sourceTree = "<group>";
		};
/* End PBXGroup section */

/* Begin PBXNativeTarget section */
		342CE2442BE0908000DB750E /* SkillHub */ = {
			isa = PBXNativeTarget;
			buildConfigurationList = 342CE26A2BE0908200DB750E /* Build configuration list for PBXNativeTarget "SkillHub" */;
			buildPhases = (
				342CE2412BE0908000DB750E /* Sources */,
				342CE2422BE0908000DB750E /* Frameworks */,
				342CE2432BE0908000DB750E /* Resources */,
			);
			buildRules = (
			);
			dependencies = (
			);
			name = SkillHub;
			productName = SkillHub;
			productReference = 342CE2452BE0908000DB750E /* SkillHub.app */;
			productType = "com.apple.product-type.application";
		};
		342CE2552BE0908200DB750E /* SkillHubTests */ = {
			isa = PBXNativeTarget;
			buildConfigurationList = 342CE26D2BE0908200DB750E /* Build configuration list for PBXNativeTarget "SkillHubTests" */;
			buildPhases = (
				342CE2522BE0908200DB750E /* Sources */,
				342CE2532BE0908200DB750E /* Frameworks */,
				342CE2542BE0908200DB750E /* Resources */,
			);
			buildRules = (
			);
			dependencies = (
				342CE2582BE0908200DB750E /* PBXTargetDependency */,
			);
			name = SkillHubTests;
			productName = SkillHubTests;
			productReference = 342CE2562BE0908200DB750E /* SkillHubTests.xctest */;
			productType = "com.apple.product-type.bundle.unit-test";
		};
		342CE25F2BE0908200DB750E /* SkillHubUITests */ = {
			isa = PBXNativeTarget;
			buildConfigurationList = 342CE2702BE0908200DB750E /* Build configuration list for PBXNativeTarget "SkillHubUITests" */;
			buildPhases = (
				342CE25C2BE0908200DB750E /* Sources */,
				342CE25D2BE0908200DB750E /* Frameworks */,
				342CE25E2BE0908200DB750E /* Resources */,
			);
			buildRules = (
			);
			dependencies = (
				342CE2622BE0908200DB750E /* PBXTargetDependency */,
			);
			name = SkillHubUITests;
			productName = SkillHubUITests;
			productReference = 342CE2602BE0908200DB750E /* SkillHubUITests.xctest */;
			productType = "com.apple.product-type.bundle.ui-testing";
		};
/* End PBXNativeTarget section */

/* Begin PBXProject section */
		342CE23D2BE0908000DB750E /* Project object */ = {
			isa = PBXProject;
			attributes = {
				BuildIndependentTargetsInParallel = 1;
				LastSwiftUpdateCheck = 1530;
				LastUpgradeCheck = 1530;
				TargetAttributes = {
					342CE2442BE0908000DB750E = {
						CreatedOnToolsVersion = 15.3;
					};
					342CE2552BE0908200DB750E = {
						CreatedOnToolsVersion = 15.3;
						TestTargetID = 342CE2442BE0908000DB750E;
					};
					342CE25F2BE0908200DB750E = {
						CreatedOnToolsVersion = 15.3;
						TestTargetID = 342CE2442BE0908000DB750E;
					};
				};
			};
			buildConfigurationList = 342CE2402BE0908000DB750E /* Build configuration list for PBXProject "SkillHub" */;
			compatibilityVersion = "Xcode 14.0";
			developmentRegion = en;
			hasScannedForEncodings = 0;
			knownRegions = (
				en,
				Base,
			);
			mainGroup = 342CE23C2BE0908000DB750E;
			productRefGroup = 342CE2462BE0908000DB750E /* Products */;
			projectDirPath = "";
			projectRoot = "";
			targets = (
				342CE2442BE0908000DB750E /* SkillHub */,
				342CE2552BE0908200DB750E /* SkillHubTests */,
				342CE25F2BE0908200DB750E /* SkillHubUITests */,
			);
		};
/* End PBXProject section */

/* Begin PBXResourcesBuildPhase section */
		342CE2432BE0908000DB750E /* Resources */ = {
			isa = PBXResourcesBuildPhase;
			buildActionMask = 2147483647;
			files = (
				342CE2512BE0908200DB750E /* Preview Assets.xcassets in Resources */,
				342CE24D2BE0908200DB750E /* Assets.xcassets in Resources */,
			);
			runOnlyForDeploymentPostprocessing = 0;
		};
		342CE2542BE0908200DB750E /* Resources */ = {
			isa = PBXResourcesBuildPhase;
			buildActionMask = 2147483647;
			files = (
			);
			runOnlyForDeploymentPostprocessing = 0;
		};
		342CE25E2BE0908200DB750E /* Resources */ = {
			isa = PBXResourcesBuildPhase;
			buildActionMask = 2147483647;
			files = (
			);
			runOnlyForDeploymentPostprocessing = 0;
		};
/* End PBXResourcesBuildPhase section */

/* Begin PBXSourcesBuildPhase section */
		342CE2412BE0908000DB750E /* Sources */ = {
			isa = PBXSourcesBuildPhase;
			buildActionMask = 2147483647;
			files = (
				342CE2762BE093E400DB750E /* Skill.swift in Sources */,
				342CE24B2BE0908000DB750E /* ContentView.swift in Sources */,
				342CE2492BE0908000DB750E /* SkillHubApp.swift in Sources */,
				342CE2792BE0947A00DB750E /* UIColor+Extension.swift in Sources */,
			);
			runOnlyForDeploymentPostprocessing = 0;
		};
		342CE2522BE0908200DB750E /* Sources */ = {
			isa = PBXSourcesBuildPhase;
			buildActionMask = 2147483647;
			files = (
				342CE25B2BE0908200DB750E /* SkillHubTests.swift in Sources */,
			);
			runOnlyForDeploymentPostprocessing = 0;
		};
		342CE25C2BE0908200DB750E /* Sources */ = {
			isa = PBXSourcesBuildPhase;
			buildActionMask = 2147483647;
			files = (
				342CE2672BE0908200DB750E /* SkillHubUITestsLaunchTests.swift in Sources */,
				342CE2652BE0908200DB750E /* SkillHubUITests.swift in Sources */,
			);
			runOnlyForDeploymentPostprocessing = 0;
		};
/* End PBXSourcesBuildPhase section */

/* Begin PBXTargetDependency section */
		342CE2582BE0908200DB750E /* PBXTargetDependency */ = {
			isa = PBXTargetDependency;
			target = 342CE2442BE0908000DB750E /* SkillHub */;
			targetProxy = 342CE2572BE0908200DB750E /* PBXContainerItemProxy */;
		};
		342CE2622BE0908200DB750E /* PBXTargetDependency */ = {
			isa = PBXTargetDependency;
			target = 342CE2442BE0908000DB750E /* SkillHub */;
			targetProxy = 342CE2612BE0908200DB750E /* PBXContainerItemProxy */;
		};
/* End PBXTargetDependency section */

/* Begin XCBuildConfiguration section */
		342CE2682BE0908200DB750E /* Debug */ = {
			isa = XCBuildConfiguration;
			buildSettings = {
				ALWAYS_SEARCH_USER_PATHS = NO;
				ASSETCATALOG_COMPILER_GENERATE_SWIFT_ASSET_SYMBOL_EXTENSIONS = YES;
				CLANG_ANALYZER_NONNULL = YES;
				CLANG_ANALYZER_NUMBER_OBJECT_CONVERSION = YES_AGGRESSIVE;
				CLANG_CXX_LANGUAGE_STANDARD = "gnu++20";
				CLANG_ENABLE_MODULES = YES;
				CLANG_ENABLE_OBJC_ARC = YES;
				CLANG_ENABLE_OBJC_WEAK = YES;
				CLANG_WARN_BLOCK_CAPTURE_AUTORELEASING = YES;
				CLANG_WARN_BOOL_CONVERSION = YES;
				CLANG_WARN_COMMA = YES;
				CLANG_WARN_CONSTANT_CONVERSION = YES;
				CLANG_WARN_DEPRECATED_OBJC_IMPLEMENTATIONS = YES;
				CLANG_WARN_DIRECT_OBJC_ISA_USAGE = YES_ERROR;
				CLANG_WARN_DOCUMENTATION_COMMENTS = YES;
				CLANG_WARN_EMPTY_BODY = YES;
				CLANG_WARN_ENUM_CONVERSION = YES;
				CLANG_WARN_INFINITE_RECURSION = YES;
				CLANG_WARN_INT_CONVERSION = YES;
				CLANG_WARN_NON_LITERAL_NULL_CONVERSION = YES;
				CLANG_WARN_OBJC_IMPLICIT_RETAIN_SELF = YES;
				CLANG_WARN_OBJC_LITERAL_CONVERSION = YES;
				CLANG_WARN_OBJC_ROOT_CLASS = YES_ERROR;
				CLANG_WARN_QUOTED_INCLUDE_IN_FRAMEWORK_HEADER = YES;
				CLANG_WARN_RANGE_LOOP_ANALYSIS = YES;
				CLANG_WARN_STRICT_PROTOTYPES = YES;
				CLANG_WARN_SUSPICIOUS_MOVE = YES;
				CLANG_WARN_UNGUARDED_AVAILABILITY = YES_AGGRESSIVE;
				CLANG_WARN_UNREACHABLE_CODE = YES;
				CLANG_WARN__DUPLICATE_METHOD_MATCH = YES;
				COPY_PHASE_STRIP = NO;
				DEBUG_INFORMATION_FORMAT = dwarf;
				ENABLE_STRICT_OBJC_MSGSEND = YES;
				ENABLE_TESTABILITY = YES;
				ENABLE_USER_SCRIPT_SANDBOXING = YES;
				GCC_C_LANGUAGE_STANDARD = gnu17;
				GCC_DYNAMIC_NO_PIC = NO;
				GCC_NO_COMMON_BLOCKS = YES;
				GCC_OPTIMIZATION_LEVEL = 0;
				GCC_PREPROCESSOR_DEFINITIONS = (
					"DEBUG=1",
					"$(inherited)",
				);
				GCC_WARN_64_TO_32_BIT_CONVERSION = YES;
				GCC_WARN_ABOUT_RETURN_TYPE = YES_ERROR;
				GCC_WARN_UNDECLARED_SELECTOR = YES;
				GCC_WARN_UNINITIALIZED_AUTOS = YES_AGGRESSIVE;
				GCC_WARN_UNUSED_FUNCTION = YES;
				GCC_WARN_UNUSED_VARIABLE = YES;
				LOCALIZATION_PREFERS_STRING_CATALOGS = YES;
				MTL_ENABLE_DEBUG_INFO = INCLUDE_SOURCE;
				MTL_FAST_MATH = YES;
				ONLY_ACTIVE_ARCH = YES;
				SWIFT_ACTIVE_COMPILATION_CONDITIONS = "DEBUG $(inherited)";
				SWIFT_OPTIMIZATION_LEVEL = "-Onone";
			};
			name = Debug;
		};
		342CE2692BE0908200DB750E /* Release */ = {
			isa = XCBuildConfiguration;
			buildSettings = {
				ALWAYS_SEARCH_USER_PATHS = NO;
				ASSETCATALOG_COMPILER_GENERATE_SWIFT_ASSET_SYMBOL_EXTENSIONS = YES;
				CLANG_ANALYZER_NONNULL = YES;
				CLANG_ANALYZER_NUMBER_OBJECT_CONVERSION = YES_AGGRESSIVE;
				CLANG_CXX_LANGUAGE_STANDARD = "gnu++20";
				CLANG_ENABLE_MODULES = YES;
				CLANG_ENABLE_OBJC_ARC = YES;
				CLANG_ENABLE_OBJC_WEAK = YES;
				CLANG_WARN_BLOCK_CAPTURE_AUTORELEASING = YES;
				CLANG_WARN_BOOL_CONVERSION = YES;
				CLANG_WARN_COMMA = YES;
				CLANG_WARN_CONSTANT_CONVERSION = YES;
				CLANG_WARN_DEPRECATED_OBJC_IMPLEMENTATIONS = YES;
				CLANG_WARN_DIRECT_OBJC_ISA_USAGE = YES_ERROR;
				CLANG_WARN_DOCUMENTATION_COMMENTS = YES;
				CLANG_WARN_EMPTY_BODY = YES;
				CLANG_WARN_ENUM_CONVERSION = YES;
				CLANG_WARN_INFINITE_RECURSION = YES;
				CLANG_WARN_INT_CONVERSION = YES;
				CLANG_WARN_NON_LITERAL_NULL_CONVERSION = YES;
				CLANG_WARN_OBJC_IMPLICIT_RETAIN_SELF = YES;
				CLANG_WARN_OBJC_LITERAL_CONVERSION = YES;
				CLANG_WARN_OBJC_ROOT_CLASS = YES_ERROR;
				CLANG_WARN_QUOTED_INCLUDE_IN_FRAMEWORK_HEADER = YES;
				CLANG_WARN_RANGE_LOOP_ANALYSIS = YES;
				CLANG_WARN_STRICT_PROTOTYPES = YES;
				CLANG_WARN_SUSPICIOUS_MOVE = YES;
				CLANG_WARN_UNGUARDED_AVAILABILITY = YES_AGGRESSIVE;
				CLANG_WARN_UNREACHABLE_CODE = YES;
				CLANG_WARN__DUPLICATE_METHOD_MATCH = YES;
				COPY_PHASE_STRIP = NO;
				DEBUG_INFORMATION_FORMAT = "dwarf-with-dsym";
				ENABLE_NS_ASSERTIONS = NO;
				ENABLE_STRICT_OBJC_MSGSEND = YES;
				ENABLE_USER_SCRIPT_SANDBOXING = YES;
				GCC_C_LANGUAGE_STANDARD = gnu17;
				GCC_NO_COMMON_BLOCKS = YES;
				GCC_WARN_64_TO_32_BIT_CONVERSION = YES;
				GCC_WARN_ABOUT_RETURN_TYPE = YES_ERROR;
				GCC_WARN_UNDECLARED_SELECTOR = YES;
				GCC_WARN_UNINITIALIZED_AUTOS = YES_AGGRESSIVE;
				GCC_WARN_UNUSED_FUNCTION = YES;
				GCC_WARN_UNUSED_VARIABLE = YES;
				LOCALIZATION_PREFERS_STRING_CATALOGS = YES;
				MTL_ENABLE_DEBUG_INFO = NO;
				MTL_FAST_MATH = YES;
				SWIFT_COMPILATION_MODE = wholemodule;
			};
			name = Release;
		};
		342CE26B2BE0908200DB750E /* Debug */ = {
			isa = XCBuildConfiguration;
			buildSettings = {
				ASSETCATALOG_COMPILER_APPICON_NAME = AppIcon;
				ASSETCATALOG_COMPILER_GLOBAL_ACCENT_COLOR_NAME = AccentColor;
				CODE_SIGN_ENTITLEMENTS = SkillHub/SkillHub.entitlements;
				CODE_SIGN_STYLE = Automatic;
				CURRENT_PROJECT_VERSION = 1;
				DEVELOPMENT_ASSET_PATHS = "\"SkillHub/Preview Content\"";
				ENABLE_PREVIEWS = YES;
				GENERATE_INFOPLIST_FILE = YES;
				"INFOPLIST_KEY_UIApplicationSceneManifest_Generation[sdk=iphoneos*]" = YES;
				"INFOPLIST_KEY_UIApplicationSceneManifest_Generation[sdk=iphonesimulator*]" = YES;
				"INFOPLIST_KEY_UIApplicationSupportsIndirectInputEvents[sdk=iphoneos*]" = YES;
				"INFOPLIST_KEY_UIApplicationSupportsIndirectInputEvents[sdk=iphonesimulator*]" = YES;
				"INFOPLIST_KEY_UILaunchScreen_Generation[sdk=iphoneos*]" = YES;
				"INFOPLIST_KEY_UILaunchScreen_Generation[sdk=iphonesimulator*]" = YES;
				"INFOPLIST_KEY_UIStatusBarStyle[sdk=iphoneos*]" = UIStatusBarStyleDefault;
				"INFOPLIST_KEY_UIStatusBarStyle[sdk=iphonesimulator*]" = UIStatusBarStyleDefault;
				INFOPLIST_KEY_UISupportedInterfaceOrientations_iPad = "UIInterfaceOrientationPortrait UIInterfaceOrientationPortraitUpsideDown UIInterfaceOrientationLandscapeLeft UIInterfaceOrientationLandscapeRight";
				INFOPLIST_KEY_UISupportedInterfaceOrientations_iPhone = "UIInterfaceOrientationPortrait UIInterfaceOrientationLandscapeLeft UIInterfaceOrientationLandscapeRight";
				IPHONEOS_DEPLOYMENT_TARGET = 17.4;
				LD_RUNPATH_SEARCH_PATHS = "@executable_path/Frameworks";
				"LD_RUNPATH_SEARCH_PATHS[sdk=macosx*]" = "@executable_path/../Frameworks";
				MACOSX_DEPLOYMENT_TARGET = 14.4;
				MARKETING_VERSION = 1.0;
				PRODUCT_BUNDLE_IDENTIFIER = appdev.SkillHub;
				PRODUCT_NAME = "$(TARGET_NAME)";
				SDKROOT = auto;
				SUPPORTED_PLATFORMS = "iphoneos iphonesimulator macosx";
				SWIFT_EMIT_LOC_STRINGS = YES;
				SWIFT_VERSION = 5.0;
				TARGETED_DEVICE_FAMILY = "1,2";
			};
			name = Debug;
		};
		342CE26C2BE0908200DB750E /* Release */ = {
			isa = XCBuildConfiguration;
			buildSettings = {
				ASSETCATALOG_COMPILER_APPICON_NAME = AppIcon;
				ASSETCATALOG_COMPILER_GLOBAL_ACCENT_COLOR_NAME = AccentColor;
				CODE_SIGN_ENTITLEMENTS = SkillHub/SkillHub.entitlements;
				CODE_SIGN_STYLE = Automatic;
				CURRENT_PROJECT_VERSION = 1;
				DEVELOPMENT_ASSET_PATHS = "\"SkillHub/Preview Content\"";
				ENABLE_PREVIEWS = YES;
				GENERATE_INFOPLIST_FILE = YES;
				"INFOPLIST_KEY_UIApplicationSceneManifest_Generation[sdk=iphoneos*]" = YES;
				"INFOPLIST_KEY_UIApplicationSceneManifest_Generation[sdk=iphonesimulator*]" = YES;
				"INFOPLIST_KEY_UIApplicationSupportsIndirectInputEvents[sdk=iphoneos*]" = YES;
				"INFOPLIST_KEY_UIApplicationSupportsIndirectInputEvents[sdk=iphonesimulator*]" = YES;
				"INFOPLIST_KEY_UILaunchScreen_Generation[sdk=iphoneos*]" = YES;
				"INFOPLIST_KEY_UILaunchScreen_Generation[sdk=iphonesimulator*]" = YES;
				"INFOPLIST_KEY_UIStatusBarStyle[sdk=iphoneos*]" = UIStatusBarStyleDefault;
				"INFOPLIST_KEY_UIStatusBarStyle[sdk=iphonesimulator*]" = UIStatusBarStyleDefault;
				INFOPLIST_KEY_UISupportedInterfaceOrientations_iPad = "UIInterfaceOrientationPortrait UIInterfaceOrientationPortraitUpsideDown UIInterfaceOrientationLandscapeLeft UIInterfaceOrientationLandscapeRight";
				INFOPLIST_KEY_UISupportedInterfaceOrientations_iPhone = "UIInterfaceOrientationPortrait UIInterfaceOrientationLandscapeLeft UIInterfaceOrientationLandscapeRight";
				IPHONEOS_DEPLOYMENT_TARGET = 17.4;
				LD_RUNPATH_SEARCH_PATHS = "@executable_path/Frameworks";
				"LD_RUNPATH_SEARCH_PATHS[sdk=macosx*]" = "@executable_path/../Frameworks";
				MACOSX_DEPLOYMENT_TARGET = 14.4;
				MARKETING_VERSION = 1.0;
				PRODUCT_BUNDLE_IDENTIFIER = appdev.SkillHub;
				PRODUCT_NAME = "$(TARGET_NAME)";
				SDKROOT = auto;
				SUPPORTED_PLATFORMS = "iphoneos iphonesimulator macosx";
				SWIFT_EMIT_LOC_STRINGS = YES;
				SWIFT_VERSION = 5.0;
				TARGETED_DEVICE_FAMILY = "1,2";
			};
			name = Release;
		};
		342CE26E2BE0908200DB750E /* Debug */ = {
			isa = XCBuildConfiguration;
			buildSettings = {
				ALWAYS_EMBED_SWIFT_STANDARD_LIBRARIES = YES;
				BUNDLE_LOADER = "$(TEST_HOST)";
				CODE_SIGN_STYLE = Automatic;
				CURRENT_PROJECT_VERSION = 1;
				GENERATE_INFOPLIST_FILE = YES;
				IPHONEOS_DEPLOYMENT_TARGET = 17.4;
				MACOSX_DEPLOYMENT_TARGET = 14.4;
				MARKETING_VERSION = 1.0;
				PRODUCT_BUNDLE_IDENTIFIER = appdev.SkillHubTests;
				PRODUCT_NAME = "$(TARGET_NAME)";
				SDKROOT = auto;
				SUPPORTED_PLATFORMS = "iphoneos iphonesimulator macosx";
				SWIFT_EMIT_LOC_STRINGS = NO;
				SWIFT_VERSION = 5.0;
				TARGETED_DEVICE_FAMILY = "1,2";
				TEST_HOST = "$(BUILT_PRODUCTS_DIR)/SkillHub.app/$(BUNDLE_EXECUTABLE_FOLDER_PATH)/SkillHub";
			};
			name = Debug;
		};
		342CE26F2BE0908200DB750E /* Release */ = {
			isa = XCBuildConfiguration;
			buildSettings = {
				ALWAYS_EMBED_SWIFT_STANDARD_LIBRARIES = YES;
				BUNDLE_LOADER = "$(TEST_HOST)";
				CODE_SIGN_STYLE = Automatic;
				CURRENT_PROJECT_VERSION = 1;
				GENERATE_INFOPLIST_FILE = YES;
				IPHONEOS_DEPLOYMENT_TARGET = 17.4;
				MACOSX_DEPLOYMENT_TARGET = 14.4;
				MARKETING_VERSION = 1.0;
				PRODUCT_BUNDLE_IDENTIFIER = appdev.SkillHubTests;
				PRODUCT_NAME = "$(TARGET_NAME)";
				SDKROOT = auto;
				SUPPORTED_PLATFORMS = "iphoneos iphonesimulator macosx";
				SWIFT_EMIT_LOC_STRINGS = NO;
				SWIFT_VERSION = 5.0;
				TARGETED_DEVICE_FAMILY = "1,2";
				TEST_HOST = "$(BUILT_PRODUCTS_DIR)/SkillHub.app/$(BUNDLE_EXECUTABLE_FOLDER_PATH)/SkillHub";
			};
			name = Release;
		};
		342CE2712BE0908200DB750E /* Debug */ = {
			isa = XCBuildConfiguration;
			buildSettings = {
				ALWAYS_EMBED_SWIFT_STANDARD_LIBRARIES = YES;
				CODE_SIGN_STYLE = Automatic;
				CURRENT_PROJECT_VERSION = 1;
				GENERATE_INFOPLIST_FILE = YES;
				IPHONEOS_DEPLOYMENT_TARGET = 17.4;
				MACOSX_DEPLOYMENT_TARGET = 14.4;
				MARKETING_VERSION = 1.0;
				PRODUCT_BUNDLE_IDENTIFIER = appdev.SkillHubUITests;
				PRODUCT_NAME = "$(TARGET_NAME)";
				SDKROOT = auto;
				SUPPORTED_PLATFORMS = "iphoneos iphonesimulator macosx";
				SWIFT_EMIT_LOC_STRINGS = NO;
				SWIFT_VERSION = 5.0;
				TARGETED_DEVICE_FAMILY = "1,2";
				TEST_TARGET_NAME = SkillHub;
			};
			name = Debug;
		};
		342CE2722BE0908200DB750E /* Release */ = {
			isa = XCBuildConfiguration;
			buildSettings = {
				ALWAYS_EMBED_SWIFT_STANDARD_LIBRARIES = YES;
				CODE_SIGN_STYLE = Automatic;
				CURRENT_PROJECT_VERSION = 1;
				GENERATE_INFOPLIST_FILE = YES;
				IPHONEOS_DEPLOYMENT_TARGET = 17.4;
				MACOSX_DEPLOYMENT_TARGET = 14.4;
				MARKETING_VERSION = 1.0;
				PRODUCT_BUNDLE_IDENTIFIER = appdev.SkillHubUITests;
				PRODUCT_NAME = "$(TARGET_NAME)";
				SDKROOT = auto;
				SUPPORTED_PLATFORMS = "iphoneos iphonesimulator macosx";
				SWIFT_EMIT_LOC_STRINGS = NO;
				SWIFT_VERSION = 5.0;
				TARGETED_DEVICE_FAMILY = "1,2";
				TEST_TARGET_NAME = SkillHub;
			};
			name = Release;
		};
/* End XCBuildConfiguration section */

/* Begin XCConfigurationList section */
		342CE2402BE0908000DB750E /* Build configuration list for PBXProject "SkillHub" */ = {
			isa = XCConfigurationList;
			buildConfigurations = (
				342CE2682BE0908200DB750E /* Debug */,
				342CE2692BE0908200DB750E /* Release */,
			);
			defaultConfigurationIsVisible = 0;
			defaultConfigurationName = Release;
		};
		342CE26A2BE0908200DB750E /* Build configuration list for PBXNativeTarget "SkillHub" */ = {
			isa = XCConfigurationList;
			buildConfigurations = (
				342CE26B2BE0908200DB750E /* Debug */,
				342CE26C2BE0908200DB750E /* Release */,
			);
			defaultConfigurationIsVisible = 0;
			defaultConfigurationName = Release;
		};
		342CE26D2BE0908200DB750E /* Build configuration list for PBXNativeTarget "SkillHubTests" */ = {
			isa = XCConfigurationList;
			buildConfigurations = (
				342CE26E2BE0908200DB750E /* Debug */,
				342CE26F2BE0908200DB750E /* Release */,
			);
			defaultConfigurationIsVisible = 0;
			defaultConfigurationName = Release;
		};
		342CE2702BE0908200DB750E /* Build configuration list for PBXNativeTarget "SkillHubUITests" */ = {
			isa = XCConfigurationList;
			buildConfigurations = (
				342CE2712BE0908200DB750E /* Debug */,
				342CE2722BE0908200DB750E /* Release */,
			);
			defaultConfigurationIsVisible = 0;
			defaultConfigurationName = Release;
		};
/* End XCConfigurationList section */
	};
	rootObject = 342CE23D2BE0908000DB750E /* Project object */;
}
